
Microsoft Visual Studio Solution File, Format Version 12.00
# Visual Studio Version 16
VisualStudioVersion = 16.0.30907.101
MinimumVisualStudioVersion = 10.0.40219.1
Project("{FAE04EC0-301F-11D3-BF4B-00C04F79EFBC}") = "WorkTimeRecord", "WorkTimeRecord\WorkTimeRecord.csproj", "{2B04390E-CF49-474C-9275-29F97DF7B00B}"
EndProject
Global
	GlobalSection(SolutionConfigurationPlatforms) = preSolution
		Debug|Any CPU = Debug|Any CPU
		Release|Any CPU = Release|Any CPU
	EndGlobalSection
	GlobalSection(ProjectConfigurationPlatforms) = postSolution
		{2B04390E-CF49-474C-9275-29F97DF7B00B}.Debug|Any CPU.ActiveCfg = Debug|Any CPU
		{2B04390E-CF49-474C-9275-29F97DF7B00B}.Debug|Any CPU.Build.0 = Debug|Any CPU
		{2B04390E-CF49-474C-9275-29F97DF7B00B}.Release|Any CPU.ActiveCfg = Release|Any CPU
		{2B04390E-CF49-474C-9275-29F97DF7B00B}.Release|Any CPU.Build.0 = Release|Any CPU
	EndGlobalSection
	GlobalSection(SolutionProperties) = preSolution
		HideSolutionNode = FALSE
	EndGlobalSection
	GlobalSection(ExtensibilityGlobals) = postSolution
		SolutionGuid = {CF19EAB8-559B-4BCC-9EB3-77555A7A9FC5}
	EndGlobalSection
EndGlobal
